
Microsoft Visual Studio Solution File, Format Version 12.00
# Visual Studio Version 17
VisualStudioVersion = 17.10.35013.160
MinimumVisualStudioVersion = 10.0.40219.1
Project("{C9674DCB-5085-4A16-B785-4C70DD1589BD}") = "TELECOME ETL Processes", "TELECOME ETL Processes\TELECOME ETL Processes.dtproj", "{CC9B5299-0539-4F95-A0DF-75464A237471}"
EndProject
Global
	GlobalSection(SolutionConfigurationPlatforms) = preSolution
		Development|Default = Development|Default
	EndGlobalSection
	GlobalSection(ProjectConfigurationPlatforms) = postSolution
		{CC9B5299-0539-4F95-A0DF-75464A237471}.Development|Default.ActiveCfg = Development
		{CC9B5299-0539-4F95-A0DF-75464A237471}.Development|Default.Build.0 = Development
	EndGlobalSection
	GlobalSection(SolutionProperties) = preSolution
		HideSolutionNode = FALSE
	EndGlobalSection
	GlobalSection(ExtensibilityGlobals) = postSolution
		SolutionGuid = {FF0B03A5-B732-4642-B73D-091833DD233B}
	EndGlobalSection
EndGlobal
